{
    "_meta": {
        "hash": {
            "sha256": "3c4343d899dff89dbe2dacf46f733d676074ce1b6db94a7f4a52599c72fb0928"
        },
        "pipfile-spec": 6,
        "requires": {},
        "sources": [
            {
                "name": "pypi",
                "url": "https://pypi.org/simple",
                "verify_ssl": true
            }
        ]
    },
    "default": {
        "docutils": {
            "hashes": [
                "sha256:718c0f5fb677be0f34b781e04241c4067cbd9327b66bdd8e763201130f5175be",
                "sha256:cb3ebcb09242804f84bdbf0b26504077a054da6772c6f4d625f335cc53ebf94d",
                "sha256:de454f1015958450b72641165c08afe7023cd7e3944396448f2fb1b0ccba9d77"
            ],
            "index": "pypi",
            "version": "==0.13.1"
        },
        "genshi": {
            "hashes": [
                "sha256:1d154402e68bc444a55bcac101f96cb4e59373100cc7a2da07fbf3e5cc5d7352",
                "sha256:269485b1828881f5563667905c3f472cd677f9e6d7e51a443c87b3f010c6a8b2",
                "sha256:7ccc17486722f60058566edf060fc8c6af0ac1559624d9f2c003825d7a14e78d"
            ],
            "index": "pypi",
            "version": "==0.7"
        },
        "pygments": {
            "hashes": [
                "sha256:0a3a2265e1efb0defa722d1f429730dc9df975adc3c60ac7d2b432bdf03c041d",
                "sha256:5ded2fa9094fd7dfeb3da92636409fd702a0d07d606283504d7ee04401cee5cb",
                "sha256:7320919084e6dac8f4540638a46447a3bd730fca172afc17d2c03eed22cf4f51"
            ],
            "index": "pypi",
            "version": "==2.0.2"
        }
    },
    "develop": {
        "alabaster": {
            "hashes": [
                "sha256:674bb3bab080f598371f4443c5008cbfeb1a5e622dd312395d2d82af2c54c456",
                "sha256:b63b1f4dc77c074d386752ec4a8a7517600f6c0db8cd42980cae17ab7b3275d7"
            ],
            "version": "==0.7.11"
        },
        "babel": {
            "hashes": [
                "sha256:6778d85147d5d85345c14a26aada5e478ab04e39b078b0745ee6870c2b5cf669",
                "sha256:8cba50f48c529ca3fa18cf81fa9403be176d374ac4d60738b839122dfaaa3d23"
            ],
            "version": "==2.6.0"
        },
        "beautifulsoup4": {
            "hashes": [
                "sha256:2c264254f6cfce64c3bd9d48885208093a73b9095645f600de0a277ce01ea0e5",
                "sha256:82a253245aed9875f141dd98a7462572bca93d064cf3117bd33de4b61ee18e68",
                "sha256:87d4013d0625d4789a4f56b8d79a04d5ce6db1152bb65f1d39744f7709a366b4"
            ],
            "index": "pypi",
            "version": "==4.4.1"
        },
        "certifi": {
            "hashes": [
                "sha256:13e698f54293db9f89122b0581843a782ad0934a4fe0172d2a980ba77fc61bb7",
                "sha256:9fa520c1bacfb634fa7af20a76bcbd3d5fb390481724c597da32c719a7dca4b0"
            ],
            "version": "==2018.4.16"
        },
        "chardet": {
            "hashes": [
                "sha256:84ab92ed1c4d4f16916e05906b6b75a6c0fb5db821cc65e70cbd64a3e2a5eaae",
                "sha256:fc323ffcaeaed0e0a02bf4d117757b98aed530d9ed4531e3e15460124c106691"
            ],
            "version": "==3.0.4"
        },
        "docutils": {
            "hashes": [
                "sha256:718c0f5fb677be0f34b781e04241c4067cbd9327b66bdd8e763201130f5175be",
                "sha256:cb3ebcb09242804f84bdbf0b26504077a054da6772c6f4d625f335cc53ebf94d",
                "sha256:de454f1015958450b72641165c08afe7023cd7e3944396448f2fb1b0ccba9d77"
            ],
            "index": "pypi",
            "version": "==0.13.1"
        },
        "flake8": {
            "hashes": [
                "sha256:7253265f7abd8b313e3892944044a365e3f4ac3fcdcfb4298f55ee9ddf188ba0",
                "sha256:c7841163e2b576d435799169b78703ad6ac1bbb0f199994fc05f700b2a90ea37"
            ],
            "index": "pypi",
            "version": "==3.5.0"
        },
        "idna": {
            "hashes": [
                "sha256:156a6814fb5ac1fc6850fb002e0852d56c0c8d2531923a51032d1b70760e186e",
                "sha256:684a38a6f903c1d71d6d5fac066b58d7768af4de2b832e426ec79c30daa94a16"
            ],
            "version": "==2.7"
        },
        "imagesize": {
            "hashes": [
                "sha256:3620cc0cadba3f7475f9940d22431fc4d407269f1be59ec9b8edcca26440cf18",
                "sha256:5b326e4678b6925158ccc66a9fa3122b6106d7c876ee32d7de6ce59385b96315"
            ],
            "version": "==1.0.0"
        },
        "jinja2": {
            "hashes": [
                "sha256:74c935a1b8bb9a3947c50a54766a969d4846290e1e788ea44c1392163723c3bd",
                "sha256:f84be1bb0040caca4cea721fcbbbbd61f9be9464ca236387158b0feea01914a4"
            ],
            "version": "==2.10"
        },
        "markupsafe": {
            "hashes": [
                "sha256:a6be69091dac236ea9c6bc7d012beab42010fa914c459791d627dad4910eb665"
            ],
            "version": "==1.0"
        },
        "mccabe": {
            "hashes": [
                "sha256:ab8a6258860da4b6677da4bd2fe5dc2c659cff31b3ee4f7f5d64e79735b80d42",
                "sha256:dd8d182285a0fe56bace7f45b5e7d1a6ebcbf524e8f3bd87eb0f125271b8831f"
            ],
            "version": "==0.6.1"
        },
        "nose": {
            "hashes": [
                "sha256:9ff7c6cc443f8c51994b34a667bbcf45afd6d945be7477b52e97516fd17c53ac",
                "sha256:dadcddc0aefbf99eea214e0f1232b94f2fa9bd98fa8353711dacb112bfcbbb2a",
                "sha256:f1bffef9cbc82628f6e7d7b40d7e255aefaa1adb6a1b1d26c69a8b79e6208a98"
            ],
            "index": "pypi",
            "version": "==1.3.7"
        },
        "packaging": {
            "hashes": [
                "sha256:e9215d2d2535d3ae866c3d6efc77d5b24a0192cce0ff20e42896cc0664f889c0",
                "sha256:f019b770dd64e585a99714f1fd5e01c7a8f11b45635aa953fd41c689a657375b"
            ],
            "version": "==17.1"
        },
        "pluggy": {
            "hashes": [
                "sha256:159cc783e056c07da6552aa5aef6b1e6c0064b4f18bd49c531fd2d40aafb0ea3",
                "sha256:48096d7015b8d87a83fc064e8b5cc61ea2e235f1b86dd67889d8d53257f350c6"
            ],
            "version": "==0.3.1"
        },
        "pudb": {
            "hashes": [
                "sha256:8d8b974641b7a7a2a721af01c9dce5eac8e05a2ceebc2680725ba8eef1ca876e"
            ],
            "index": "pypi",
            "version": "==2018.1"
        },
        "py": {
            "hashes": [
                "sha256:29c9fab495d7528e80ba1e343b958684f4ace687327e6f789a94bf3d1915f881",
                "sha256:983f77f3331356039fdd792e9220b7b8ee1aa6bd2b25f567a963ff1de5a64f6a"
            ],
            "version": "==1.5.3"
        },
        "pycodestyle": {
            "hashes": [
                "sha256:682256a5b318149ca0d2a9185d365d8864a768a28db66a84a2ea946bcc426766",
                "sha256:6c4245ade1edfad79c3446fadfc96b0de2759662dc29d07d80a6f27ad1ca6ba9"
            ],
            "version": "==2.3.1"
        },
        "pyflakes": {
            "hashes": [
                "sha256:08bd6a50edf8cffa9fa09a463063c425ecaaf10d1eb0335a7e8b1401aef89e6f",
                "sha256:8d616a382f243dbf19b54743f280b80198be0bca3a5396f1d2e1fca6223e8805"
            ],
            "version": "==1.6.0"
        },
        "pygments": {
            "hashes": [
                "sha256:0a3a2265e1efb0defa722d1f429730dc9df975adc3c60ac7d2b432bdf03c041d",
                "sha256:5ded2fa9094fd7dfeb3da92636409fd702a0d07d606283504d7ee04401cee5cb",
                "sha256:7320919084e6dac8f4540638a46447a3bd730fca172afc17d2c03eed22cf4f51"
            ],
            "index": "pypi",
            "version": "==2.0.2"
        },
        "pyparsing": {
            "hashes": [
                "sha256:0832bcf47acd283788593e7a0f542407bd9550a55a8a8435214a1960e04bcb04",
                "sha256:281683241b25fe9b80ec9d66017485f6deff1af5cde372469134b56ca8447a07",
                "sha256:8f1e18d3fd36c6795bb7e02a39fd05c611ffc2596c1e0d995d34d67630426c18",
                "sha256:9e8143a3e15c13713506886badd96ca4b579a87fbdf49e550dbfc057d6cb218e",
                "sha256:b8b3117ed9bdf45e14dcc89345ce638ec7e0e29b2b579fa1ecf32ce45ebac8a5",
                "sha256:e4d45427c6e20a59bf4f88c639dcc03ce30d193112047f94012102f235853a58",
                "sha256:fee43f17a9c4087e7ed1605bd6df994c6173c1e977d7ade7b651292fab2bd010"
            ],
            "version": "==2.2.0"
        },
        "pytz": {
            "hashes": [
                "sha256:65ae0c8101309c45772196b21b74c46b2e5d11b6275c45d251b150d5da334555",
                "sha256:c06425302f2cf668f1bba7a0a03f3c1d34d4ebeef2c72003da308b3947c7f749"
            ],
            "version": "==2018.4"
        },
        "requests": {
            "hashes": [
                "sha256:63b52e3c866428a224f97cab011de738c36aec0185aa91cfacd418b5d58911d1",
                "sha256:ec22d826a36ed72a7358ff3fe56cbd4ba69dd7a6718ffd450ff0e9df7a47ce6a"
            ],
            "version": "==2.19.1"
        },
        "six": {
            "hashes": [
                "sha256:70e8a77beed4562e7f14fe23a786b54f6296e34344c23bc42f07b15018ff98e9",
                "sha256:832dc0e10feb1aa2c68dcc57dbb658f1c7e65b9b61af69048abc87a2db00a0eb"
            ],
            "version": "==1.11.0"
        },
        "snowballstemmer": {
            "hashes": [
                "sha256:919f26a68b2c17a7634da993d91339e288964f93c274f1343e3bbbe2096e1128",
                "sha256:9f3bcd3c401c3e862ec0ebe6d2c069ebc012ce142cce209c098ccb5b09136e89"
            ],
            "version": "==1.2.1"
        },
        "sphinx": {
            "hashes": [
                "sha256:85f7e32c8ef07f4ba5aeca728e0f7717bef0789fba8458b8d9c5c294cad134f3",
                "sha256:d45480a229edf70d84ca9fae3784162b1bc75ee47e480ffe04a4b7f21a95d76d"
            ],
            "index": "pypi",
            "version": "==1.7.5"
        },
        "sphinx-rtd-theme": {
            "hashes": [
                "sha256:aa3e190392e963551432de7df24b8a5fbe5b71a2f4fcd9d5b75808b52ad999e5",
                "sha256:de88d637a60371d4f923e06b79c4ba260490c57d2ab5a8316942ab5d9a6ce1bf"
            ],
            "index": "pypi",
            "version": "==0.4.0"
        },
        "sphinxcontrib-websupport": {
            "hashes": [
                "sha256:68ca7ff70785cbe1e7bccc71a48b5b6d965d79ca50629606c7861a21b206d9dd",
                "sha256:9de47f375baf1ea07cdb3436ff39d7a9c76042c10a769c52353ec46e4e8fc3b9"
            ],
            "version": "==1.1.0"
        },
        "tox": {
            "hashes": [
                "sha256:1823c93ca378092c10bbde428213d3f5066b30adb09e5c001087a83e3e0a402a",
                "sha256:bf7fcc140863820700d3ccd65b33820ba747b61c5fe4e2b91bb8c64cb21a47ee"
            ],
            "index": "pypi",
            "version": "==2.3.1"
        },
        "urllib3": {
            "hashes": [
                "sha256:a68ac5e15e76e7e5dd2b8f94007233e01effe3e50e8daddf69acfd81cb686baf",
                "sha256:b5725a0bd4ba422ab0e66e89e030c806576753ea3ee08554382c14e685d117b5"
            ],
            "version": "==1.23"
        },
        "urwid": {
            "hashes": [
                "sha256:644d3e3900867161a2fc9287a9762753d66bd194754679adb26aede559bcccbc"
            ],
            "version": "==2.0.1"
        },
        "virtualenv": {
            "hashes": [
                "sha256:2ce32cd126117ce2c539f0134eb89de91a8413a29baac49cbab3eb50e2026669",
                "sha256:ca07b4c0b54e14a91af9f34d0919790b016923d157afda5efdde55c96718f752"
            ],
            "version": "==16.0.0"
        }
    }
}
